
Microsoft Visual Studio Solution File, Format Version 12.00
# Visual Studio Version 17
VisualStudioVersion = 17.13.35919.96
MinimumVisualStudioVersion = 10.0.40219.1
Project("{FAE04EC0-301F-11D3-BF4B-00C04F79EFBC}") = "BasicPractice", "BasicPractice\BasicPractice.csproj", "{0F58645C-306A-40D7-BDDD-E9353A5F11A8}"
EndProject
Project("{FAE04EC0-301F-11D3-BF4B-00C04F79EFBC}") = "TestConsole", "TestConsole\TestConsole.csproj", "{C20B18FF-EDCF-44B5-A8E9-F16292B21AF1}"
EndProject
Project("{FAE04EC0-301F-11D3-BF4B-00C04F79EFBC}") = "DataStructure&Algorithms", "DataStructure&Algorithms\DataStructure&Algorithms.csproj", "{1C73F533-CA10-466F-8C39-672DA99AAE9E}"
EndProject
Global
	GlobalSection(SolutionConfigurationPlatforms) = preSolution
		Debug|Any CPU = Debug|Any CPU
		Release|Any CPU = Release|Any CPU
	EndGlobalSection
	GlobalSection(ProjectConfigurationPlatforms) = postSolution
		{0F58645C-306A-40D7-BDDD-E9353A5F11A8}.Debug|Any CPU.ActiveCfg = Debug|Any CPU
		{0F58645C-306A-40D7-BDDD-E9353A5F11A8}.Debug|Any CPU.Build.0 = Debug|Any CPU
		{0F58645C-306A-40D7-BDDD-E9353A5F11A8}.Release|Any CPU.ActiveCfg = Release|Any CPU
		{0F58645C-306A-40D7-BDDD-E9353A5F11A8}.Release|Any CPU.Build.0 = Release|Any CPU
		{C20B18FF-EDCF-44B5-A8E9-F16292B21AF1}.Debug|Any CPU.ActiveCfg = Debug|Any CPU
		{C20B18FF-EDCF-44B5-A8E9-F16292B21AF1}.Debug|Any CPU.Build.0 = Debug|Any CPU
		{C20B18FF-EDCF-44B5-A8E9-F16292B21AF1}.Release|Any CPU.ActiveCfg = Release|Any CPU
		{C20B18FF-EDCF-44B5-A8E9-F16292B21AF1}.Release|Any CPU.Build.0 = Release|Any CPU
		{1C73F533-CA10-466F-8C39-672DA99AAE9E}.Debug|Any CPU.ActiveCfg = Debug|Any CPU
		{1C73F533-CA10-466F-8C39-672DA99AAE9E}.Debug|Any CPU.Build.0 = Debug|Any CPU
		{1C73F533-CA10-466F-8C39-672DA99AAE9E}.Release|Any CPU.ActiveCfg = Release|Any CPU
		{1C73F533-CA10-466F-8C39-672DA99AAE9E}.Release|Any CPU.Build.0 = Release|Any CPU
	EndGlobalSection
	GlobalSection(SolutionProperties) = preSolution
		HideSolutionNode = FALSE
	EndGlobalSection
	GlobalSection(ExtensibilityGlobals) = postSolution
		SolutionGuid = {43D5B71E-1B6A-4920-83C9-52DB9215D0BD}
	EndGlobalSection
EndGlobal
